
Microsoft Visual Studio Solution File, Format Version 12.00
# Visual Studio Version 17
VisualStudioVersion = 17.2.32630.192
MinimumVisualStudioVersion = 10.0.40219.1
Project("{9A19103F-16F7-4668-BE54-9A1E7A4F7556}") = "R5T.F0113", "R5T.F0113\R5T.F0113.csproj", "{463E4A13-BC1A-453B-989B-D9818DEDA5E1}"
EndProject
Global
	GlobalSection(SolutionConfigurationPlatforms) = preSolution
		Debug|Any CPU = Debug|Any CPU
		Release|Any CPU = Release|Any CPU
	EndGlobalSection
	GlobalSection(ProjectConfigurationPlatforms) = postSolution
		{463E4A13-BC1A-453B-989B-D9818DEDA5E1}.Debug|Any CPU.ActiveCfg = Debug|Any CPU
		{463E4A13-BC1A-453B-989B-D9818DEDA5E1}.Debug|Any CPU.Build.0 = Debug|Any CPU
		{463E4A13-BC1A-453B-989B-D9818DEDA5E1}.Release|Any CPU.ActiveCfg = Release|Any CPU
		{463E4A13-BC1A-453B-989B-D9818DEDA5E1}.Release|Any CPU.Build.0 = Release|Any CPU
	EndGlobalSection
	GlobalSection(SolutionProperties) = preSolution
		HideSolutionNode = FALSE
	EndGlobalSection
	GlobalSection(ExtensibilityGlobals) = postSolution
		SolutionGuid = {42D4655B-AADE-4AFD-898A-E1EF94CF0926}
	EndGlobalSection
EndGlobal
