
Microsoft Visual Studio Solution File, Format Version 12.00
# Visual Studio Version 17
VisualStudioVersion = 17.2.32630.192
MinimumVisualStudioVersion = 10.0.40219.1
Project("{9A19103F-16F7-4668-BE54-9A1E7A4F7556}") = "R5T.F0113.Construction", "R5T.F0113.Construction\R5T.F0113.Construction.csproj", "{809B8C0D-1CC0-49DA-9389-A7534756D2D0}"
EndProject
Project("{9A19103F-16F7-4668-BE54-9A1E7A4F7556}") = "R5T.F0113", "R5T.F0113\R5T.F0113.csproj", "{B1A0B80C-D44B-48F5-8217-4D86838E34B2}"
EndProject
Project("{2150E333-8FDC-42A3-9474-1A3956D46DE8}") = "_Dependencies", "_Dependencies", "{9F406811-0D48-4B5C-9256-24C7A06F73E1}"
EndProject
Project("{9A19103F-16F7-4668-BE54-9A1E7A4F7556}") = "R5T.F0000", "..\..\R5T.F0000\source\R5T.F0000\R5T.F0000.csproj", "{372F4A21-403F-4C06-9D2A-527AB4C1015B}"
EndProject
Project("{9A19103F-16F7-4668-BE54-9A1E7A4F7556}") = "R5T.F0002", "..\..\R5T.F0002\source\R5T.F0002\R5T.F0002.csproj", "{8CAD3B54-30A7-42E0-A84C-CD52D2EBBB87}"
EndProject
Project("{9A19103F-16F7-4668-BE54-9A1E7A4F7556}") = "R5T.F0035.F001", "..\..\R5T.F0035\source\R5T.F0035.F001\R5T.F0035.F001.csproj", "{0D4160FB-BCE1-47E5-B91F-D32680279DC3}"
EndProject
Project("{9A19103F-16F7-4668-BE54-9A1E7A4F7556}") = "R5T.NG0002", "..\..\R5T.NG0002\source\R5T.NG0002\R5T.NG0002.csproj", "{8CAA78CF-94BD-4794-A464-53AA0F6799F1}"
EndProject
Project("{9A19103F-16F7-4668-BE54-9A1E7A4F7556}") = "R5T.NG0006", "..\..\R5T.NG0006\source\R5T.NG0006\R5T.NG0006.csproj", "{9DA5A140-3CDF-4B61-AA81-7E4B188F941B}"
EndProject
Project("{9A19103F-16F7-4668-BE54-9A1E7A4F7556}") = "R5T.NG0007", "..\..\R5T.NG0007\source\R5T.NG0007\R5T.NG0007.csproj", "{8905931A-1C7C-4501-99A8-170822F6A0A6}"
EndProject
Project("{9A19103F-16F7-4668-BE54-9A1E7A4F7556}") = "R5T.T0131", "..\..\R5T.T0131\source\R5T.T0131\R5T.T0131.csproj", "{418E212A-DDDE-42AA-9396-943DA916CFD6}"
EndProject
Project("{9A19103F-16F7-4668-BE54-9A1E7A4F7556}") = "R5T.T0132", "..\..\R5T.T0132\source\R5T.T0132\R5T.T0132.csproj", "{47E9F0AD-EC13-4AC7-ADB0-077171B3F3EC}"
EndProject
Project("{9A19103F-16F7-4668-BE54-9A1E7A4F7556}") = "R5T.T0142", "..\..\R5T.T0142\source\R5T.T0142\R5T.T0142.csproj", "{0A2E41E9-E88B-4047-8BAB-6A2C4F41CD59}"
EndProject
Project("{9A19103F-16F7-4668-BE54-9A1E7A4F7556}") = "R5T.T0143", "..\..\R5T.T0143\source\R5T.T0143\R5T.T0143.csproj", "{C177BEE3-E46D-4D7F-AF14-BB0C0772AAF8}"
EndProject
Project("{9A19103F-16F7-4668-BE54-9A1E7A4F7556}") = "R5T.T0148", "..\..\R5T.T0148\source\R5T.T0148\R5T.T0148.csproj", "{850C70A9-3040-4D33-B80A-18C321CD23EB}"
EndProject
Project("{9A19103F-16F7-4668-BE54-9A1E7A4F7556}") = "R5T.T0156", "..\..\R5T.T0156\source\R5T.T0156\R5T.T0156.csproj", "{97BBD3D1-C81E-4B96-82A1-CF29F69649DC}"
EndProject
Project("{9A19103F-16F7-4668-BE54-9A1E7A4F7556}") = "R5T.T0158.F000", "..\..\R5T.T0158\source\R5T.T0158.F000\R5T.T0158.F000.csproj", "{1B27C9FA-8D5B-43D6-8A18-88ACEDAC6C7B}"
EndProject
Project("{9A19103F-16F7-4668-BE54-9A1E7A4F7556}") = "R5T.T0158.T000", "..\..\R5T.T0158\source\R5T.T0158.T000\R5T.T0158.T000.csproj", "{B4291B36-CC5B-4977-8BE0-A5F60D18324B}"
EndProject
Project("{9A19103F-16F7-4668-BE54-9A1E7A4F7556}") = "R5T.T0158", "..\..\R5T.T0158\source\R5T.T0158\R5T.T0158.csproj", "{F6AEC57A-4FBC-4AC3-A6B3-AF59C6592DAD}"
EndProject
Project("{9A19103F-16F7-4668-BE54-9A1E7A4F7556}") = "R5T.T0159.F000", "..\..\R5T.T0159\source\R5T.T0159.F000\R5T.T0159.F000.csproj", "{D01313E5-037F-4561-B047-A6A934D6CD22}"
EndProject
Project("{9A19103F-16F7-4668-BE54-9A1E7A4F7556}") = "R5T.T0159", "..\..\R5T.T0159\source\R5T.T0159\R5T.T0159.csproj", "{0B627849-6EF2-44D1-AC23-0D6B9236B1E6}"
EndProject
Project("{9A19103F-16F7-4668-BE54-9A1E7A4F7556}") = "R5T.Y0000", "..\..\R5T.Y0000\source\R5T.Y0000\R5T.Y0000.csproj", "{BCE76DF2-8301-4BF2-9663-8AC24AFD5ACD}"
EndProject
Project("{9A19103F-16F7-4668-BE54-9A1E7A4F7556}") = "R5T.Z0000", "..\..\R5T.Z0000\source\R5T.Z0000\R5T.Z0000.csproj", "{2331B0E1-6705-4F6E-B8D8-3470E215850F}"
EndProject
Project("{9A19103F-16F7-4668-BE54-9A1E7A4F7556}") = "R5T.T0172", "..\..\R5T.T0172\source\R5T.T0172\R5T.T0172.csproj", "{746881F4-B60C-450E-856A-BF72DA82F01B}"
EndProject
Project("{9A19103F-16F7-4668-BE54-9A1E7A4F7556}") = "R5T.NG0010", "..\..\R5T.NG0010\source\R5T.NG0010\R5T.NG0010.csproj", "{E4193474-C7E8-4A09-802E-8D691459DD6C}"
EndProject
Project("{9A19103F-16F7-4668-BE54-9A1E7A4F7556}") = "R5T.T0176", "..\..\R5T.T0176\source\R5T.T0176\R5T.T0176.csproj", "{0B495538-906A-4293-A083-E192E47E2B02}"
EndProject
Project("{9A19103F-16F7-4668-BE54-9A1E7A4F7556}") = "R5T.T0175", "..\..\R5T.T0175\source\R5T.T0175\R5T.T0175.csproj", "{54AEF355-B977-4023-8D77-CE111D55D857}"
EndProject
Project("{9A19103F-16F7-4668-BE54-9A1E7A4F7556}") = "R5T.F0114", "..\..\R5T.F0114\source\R5T.F0114\R5T.F0114.csproj", "{4483CB2A-E1FE-4483-93A0-EEE53F167EC0}"
EndProject
Project("{9A19103F-16F7-4668-BE54-9A1E7A4F7556}") = "R5T.F0020", "..\..\R5T.F0020\source\R5T.F0020\R5T.F0020.csproj", "{F0FA671D-1F07-4777-BDD2-40C2391CB1BF}"
EndProject
Project("{9A19103F-16F7-4668-BE54-9A1E7A4F7556}") = "R5T.F0040.F000", "..\..\R5T.F0040\source\R5T.F0040.F000\R5T.F0040.F000.csproj", "{25A79DC6-EB96-44E0-9225-A779BFCB2EDC}"
EndProject
Project("{9A19103F-16F7-4668-BE54-9A1E7A4F7556}") = "R5T.T0150", "..\..\R5T.T0150\source\R5T.T0150\R5T.T0150.csproj", "{869BAA05-1805-4328-9164-85D7FE980F8E}"
EndProject
Project("{9A19103F-16F7-4668-BE54-9A1E7A4F7556}") = "R5T.T0151", "..\..\R5T.T0151\source\R5T.T0151\R5T.T0151.csproj", "{49174687-EABC-4FDB-99D5-78F5F6D33FBB}"
EndProject
Project("{9A19103F-16F7-4668-BE54-9A1E7A4F7556}") = "R5T.T0152", "..\..\R5T.T0152\source\R5T.T0152\R5T.T0152.csproj", "{54FD08B6-4FBC-4BB3-97A4-71060DBF84FB}"
EndProject
Project("{9A19103F-16F7-4668-BE54-9A1E7A4F7556}") = "R5T.Z0040", "..\..\R5T.Z0040\source\R5T.Z0040\R5T.Z0040.csproj", "{60FE388D-2C17-4B78-8B77-6507CDA02ABD}"
EndProject
Project("{9A19103F-16F7-4668-BE54-9A1E7A4F7556}") = "R5T.F0016.F001", "..\..\R5T.F0016\source\R5T.F0016.F001\R5T.F0016.F001.csproj", "{CDBB59B1-8FEF-4433-A6CD-A40CE3684C40}"
EndProject
Project("{9A19103F-16F7-4668-BE54-9A1E7A4F7556}") = "R5T.F0016", "..\..\R5T.F0016\source\R5T.F0016\R5T.F0016.csproj", "{48440679-1C14-40F3-8B14-9A8F24B39A58}"
EndProject
Global
	GlobalSection(NestedProjects) = preSolution
		{372F4A21-403F-4C06-9D2A-527AB4C1015B} = {9F406811-0D48-4B5C-9256-24C7A06F73E1}
		{8CAD3B54-30A7-42E0-A84C-CD52D2EBBB87} = {9F406811-0D48-4B5C-9256-24C7A06F73E1}
		{0D4160FB-BCE1-47E5-B91F-D32680279DC3} = {9F406811-0D48-4B5C-9256-24C7A06F73E1}
		{8CAA78CF-94BD-4794-A464-53AA0F6799F1} = {9F406811-0D48-4B5C-9256-24C7A06F73E1}
		{9DA5A140-3CDF-4B61-AA81-7E4B188F941B} = {9F406811-0D48-4B5C-9256-24C7A06F73E1}
		{8905931A-1C7C-4501-99A8-170822F6A0A6} = {9F406811-0D48-4B5C-9256-24C7A06F73E1}
		{418E212A-DDDE-42AA-9396-943DA916CFD6} = {9F406811-0D48-4B5C-9256-24C7A06F73E1}
		{47E9F0AD-EC13-4AC7-ADB0-077171B3F3EC} = {9F406811-0D48-4B5C-9256-24C7A06F73E1}
		{0A2E41E9-E88B-4047-8BAB-6A2C4F41CD59} = {9F406811-0D48-4B5C-9256-24C7A06F73E1}
		{C177BEE3-E46D-4D7F-AF14-BB0C0772AAF8} = {9F406811-0D48-4B5C-9256-24C7A06F73E1}
		{850C70A9-3040-4D33-B80A-18C321CD23EB} = {9F406811-0D48-4B5C-9256-24C7A06F73E1}
		{97BBD3D1-C81E-4B96-82A1-CF29F69649DC} = {9F406811-0D48-4B5C-9256-24C7A06F73E1}
		{1B27C9FA-8D5B-43D6-8A18-88ACEDAC6C7B} = {9F406811-0D48-4B5C-9256-24C7A06F73E1}
		{B4291B36-CC5B-4977-8BE0-A5F60D18324B} = {9F406811-0D48-4B5C-9256-24C7A06F73E1}
		{F6AEC57A-4FBC-4AC3-A6B3-AF59C6592DAD} = {9F406811-0D48-4B5C-9256-24C7A06F73E1}
		{D01313E5-037F-4561-B047-A6A934D6CD22} = {9F406811-0D48-4B5C-9256-24C7A06F73E1}
		{0B627849-6EF2-44D1-AC23-0D6B9236B1E6} = {9F406811-0D48-4B5C-9256-24C7A06F73E1}
		{BCE76DF2-8301-4BF2-9663-8AC24AFD5ACD} = {9F406811-0D48-4B5C-9256-24C7A06F73E1}
		{2331B0E1-6705-4F6E-B8D8-3470E215850F} = {9F406811-0D48-4B5C-9256-24C7A06F73E1}
		{746881F4-B60C-450E-856A-BF72DA82F01B} = {9F406811-0D48-4B5C-9256-24C7A06F73E1}
		{E4193474-C7E8-4A09-802E-8D691459DD6C} = {9F406811-0D48-4B5C-9256-24C7A06F73E1}
		{0B495538-906A-4293-A083-E192E47E2B02} = {9F406811-0D48-4B5C-9256-24C7A06F73E1}
		{54AEF355-B977-4023-8D77-CE111D55D857} = {9F406811-0D48-4B5C-9256-24C7A06F73E1}
		{4483CB2A-E1FE-4483-93A0-EEE53F167EC0} = {9F406811-0D48-4B5C-9256-24C7A06F73E1}
		{F0FA671D-1F07-4777-BDD2-40C2391CB1BF} = {9F406811-0D48-4B5C-9256-24C7A06F73E1}
		{25A79DC6-EB96-44E0-9225-A779BFCB2EDC} = {9F406811-0D48-4B5C-9256-24C7A06F73E1}
		{869BAA05-1805-4328-9164-85D7FE980F8E} = {9F406811-0D48-4B5C-9256-24C7A06F73E1}
		{49174687-EABC-4FDB-99D5-78F5F6D33FBB} = {9F406811-0D48-4B5C-9256-24C7A06F73E1}
		{54FD08B6-4FBC-4BB3-97A4-71060DBF84FB} = {9F406811-0D48-4B5C-9256-24C7A06F73E1}
		{60FE388D-2C17-4B78-8B77-6507CDA02ABD} = {9F406811-0D48-4B5C-9256-24C7A06F73E1}
		{CDBB59B1-8FEF-4433-A6CD-A40CE3684C40} = {9F406811-0D48-4B5C-9256-24C7A06F73E1}
		{48440679-1C14-40F3-8B14-9A8F24B39A58} = {9F406811-0D48-4B5C-9256-24C7A06F73E1}
	EndGlobalSection
	GlobalSection(SolutionConfigurationPlatforms) = preSolution
		Debug|Any CPU = Debug|Any CPU
		Release|Any CPU = Release|Any CPU
	EndGlobalSection
	GlobalSection(ProjectConfigurationPlatforms) = postSolution
		{809B8C0D-1CC0-49DA-9389-A7534756D2D0}.Debug|Any CPU.ActiveCfg = Debug|Any CPU
		{809B8C0D-1CC0-49DA-9389-A7534756D2D0}.Debug|Any CPU.Build.0 = Debug|Any CPU
		{809B8C0D-1CC0-49DA-9389-A7534756D2D0}.Release|Any CPU.ActiveCfg = Release|Any CPU
		{809B8C0D-1CC0-49DA-9389-A7534756D2D0}.Release|Any CPU.Build.0 = Release|Any CPU
		{B1A0B80C-D44B-48F5-8217-4D86838E34B2}.Debug|Any CPU.ActiveCfg = Debug|Any CPU
		{B1A0B80C-D44B-48F5-8217-4D86838E34B2}.Debug|Any CPU.Build.0 = Debug|Any CPU
		{B1A0B80C-D44B-48F5-8217-4D86838E34B2}.Release|Any CPU.ActiveCfg = Release|Any CPU
		{B1A0B80C-D44B-48F5-8217-4D86838E34B2}.Release|Any CPU.Build.0 = Release|Any CPU
		{372F4A21-403F-4C06-9D2A-527AB4C1015B}.Debug|Any CPU.ActiveCfg = Debug|Any CPU
		{372F4A21-403F-4C06-9D2A-527AB4C1015B}.Debug|Any CPU.Build.0 = Debug|Any CPU
		{372F4A21-403F-4C06-9D2A-527AB4C1015B}.Release|Any CPU.ActiveCfg = Release|Any CPU
		{372F4A21-403F-4C06-9D2A-527AB4C1015B}.Release|Any CPU.Build.0 = Release|Any CPU
		{8CAD3B54-30A7-42E0-A84C-CD52D2EBBB87}.Debug|Any CPU.ActiveCfg = Debug|Any CPU
		{8CAD3B54-30A7-42E0-A84C-CD52D2EBBB87}.Debug|Any CPU.Build.0 = Debug|Any CPU
		{8CAD3B54-30A7-42E0-A84C-CD52D2EBBB87}.Release|Any CPU.ActiveCfg = Release|Any CPU
		{8CAD3B54-30A7-42E0-A84C-CD52D2EBBB87}.Release|Any CPU.Build.0 = Release|Any CPU
		{0D4160FB-BCE1-47E5-B91F-D32680279DC3}.Debug|Any CPU.ActiveCfg = Debug|Any CPU
		{0D4160FB-BCE1-47E5-B91F-D32680279DC3}.Debug|Any CPU.Build.0 = Debug|Any CPU
		{0D4160FB-BCE1-47E5-B91F-D32680279DC3}.Release|Any CPU.ActiveCfg = Release|Any CPU
		{0D4160FB-BCE1-47E5-B91F-D32680279DC3}.Release|Any CPU.Build.0 = Release|Any CPU
		{8CAA78CF-94BD-4794-A464-53AA0F6799F1}.Debug|Any CPU.ActiveCfg = Debug|Any CPU
		{8CAA78CF-94BD-4794-A464-53AA0F6799F1}.Debug|Any CPU.Build.0 = Debug|Any CPU
		{8CAA78CF-94BD-4794-A464-53AA0F6799F1}.Release|Any CPU.ActiveCfg = Release|Any CPU
		{8CAA78CF-94BD-4794-A464-53AA0F6799F1}.Release|Any CPU.Build.0 = Release|Any CPU
		{9DA5A140-3CDF-4B61-AA81-7E4B188F941B}.Debug|Any CPU.ActiveCfg = Debug|Any CPU
		{9DA5A140-3CDF-4B61-AA81-7E4B188F941B}.Debug|Any CPU.Build.0 = Debug|Any CPU
		{9DA5A140-3CDF-4B61-AA81-7E4B188F941B}.Release|Any CPU.ActiveCfg = Release|Any CPU
		{9DA5A140-3CDF-4B61-AA81-7E4B188F941B}.Release|Any CPU.Build.0 = Release|Any CPU
		{8905931A-1C7C-4501-99A8-170822F6A0A6}.Debug|Any CPU.ActiveCfg = Debug|Any CPU
		{8905931A-1C7C-4501-99A8-170822F6A0A6}.Debug|Any CPU.Build.0 = Debug|Any CPU
		{8905931A-1C7C-4501-99A8-170822F6A0A6}.Release|Any CPU.ActiveCfg = Release|Any CPU
		{8905931A-1C7C-4501-99A8-170822F6A0A6}.Release|Any CPU.Build.0 = Release|Any CPU
		{418E212A-DDDE-42AA-9396-943DA916CFD6}.Debug|Any CPU.ActiveCfg = Debug|Any CPU
		{418E212A-DDDE-42AA-9396-943DA916CFD6}.Debug|Any CPU.Build.0 = Debug|Any CPU
		{418E212A-DDDE-42AA-9396-943DA916CFD6}.Release|Any CPU.ActiveCfg = Release|Any CPU
		{418E212A-DDDE-42AA-9396-943DA916CFD6}.Release|Any CPU.Build.0 = Release|Any CPU
		{47E9F0AD-EC13-4AC7-ADB0-077171B3F3EC}.Debug|Any CPU.ActiveCfg = Debug|Any CPU
		{47E9F0AD-EC13-4AC7-ADB0-077171B3F3EC}.Debug|Any CPU.Build.0 = Debug|Any CPU
		{47E9F0AD-EC13-4AC7-ADB0-077171B3F3EC}.Release|Any CPU.ActiveCfg = Release|Any CPU
		{47E9F0AD-EC13-4AC7-ADB0-077171B3F3EC}.Release|Any CPU.Build.0 = Release|Any CPU
		{0A2E41E9-E88B-4047-8BAB-6A2C4F41CD59}.Debug|Any CPU.ActiveCfg = Debug|Any CPU
		{0A2E41E9-E88B-4047-8BAB-6A2C4F41CD59}.Debug|Any CPU.Build.0 = Debug|Any CPU
		{0A2E41E9-E88B-4047-8BAB-6A2C4F41CD59}.Release|Any CPU.ActiveCfg = Release|Any CPU
		{0A2E41E9-E88B-4047-8BAB-6A2C4F41CD59}.Release|Any CPU.Build.0 = Release|Any CPU
		{C177BEE3-E46D-4D7F-AF14-BB0C0772AAF8}.Debug|Any CPU.ActiveCfg = Debug|Any CPU
		{C177BEE3-E46D-4D7F-AF14-BB0C0772AAF8}.Debug|Any CPU.Build.0 = Debug|Any CPU
		{C177BEE3-E46D-4D7F-AF14-BB0C0772AAF8}.Release|Any CPU.ActiveCfg = Release|Any CPU
		{C177BEE3-E46D-4D7F-AF14-BB0C0772AAF8}.Release|Any CPU.Build.0 = Release|Any CPU
		{850C70A9-3040-4D33-B80A-18C321CD23EB}.Debug|Any CPU.ActiveCfg = Debug|Any CPU
		{850C70A9-3040-4D33-B80A-18C321CD23EB}.Debug|Any CPU.Build.0 = Debug|Any CPU
		{850C70A9-3040-4D33-B80A-18C321CD23EB}.Release|Any CPU.ActiveCfg = Release|Any CPU
		{850C70A9-3040-4D33-B80A-18C321CD23EB}.Release|Any CPU.Build.0 = Release|Any CPU
		{97BBD3D1-C81E-4B96-82A1-CF29F69649DC}.Debug|Any CPU.ActiveCfg = Debug|Any CPU
		{97BBD3D1-C81E-4B96-82A1-CF29F69649DC}.Debug|Any CPU.Build.0 = Debug|Any CPU
		{97BBD3D1-C81E-4B96-82A1-CF29F69649DC}.Release|Any CPU.ActiveCfg = Release|Any CPU
		{97BBD3D1-C81E-4B96-82A1-CF29F69649DC}.Release|Any CPU.Build.0 = Release|Any CPU
		{1B27C9FA-8D5B-43D6-8A18-88ACEDAC6C7B}.Debug|Any CPU.ActiveCfg = Debug|Any CPU
		{1B27C9FA-8D5B-43D6-8A18-88ACEDAC6C7B}.Debug|Any CPU.Build.0 = Debug|Any CPU
		{1B27C9FA-8D5B-43D6-8A18-88ACEDAC6C7B}.Release|Any CPU.ActiveCfg = Release|Any CPU
		{1B27C9FA-8D5B-43D6-8A18-88ACEDAC6C7B}.Release|Any CPU.Build.0 = Release|Any CPU
		{B4291B36-CC5B-4977-8BE0-A5F60D18324B}.Debug|Any CPU.ActiveCfg = Debug|Any CPU
		{B4291B36-CC5B-4977-8BE0-A5F60D18324B}.Debug|Any CPU.Build.0 = Debug|Any CPU
		{B4291B36-CC5B-4977-8BE0-A5F60D18324B}.Release|Any CPU.ActiveCfg = Release|Any CPU
		{B4291B36-CC5B-4977-8BE0-A5F60D18324B}.Release|Any CPU.Build.0 = Release|Any CPU
		{F6AEC57A-4FBC-4AC3-A6B3-AF59C6592DAD}.Debug|Any CPU.ActiveCfg = Debug|Any CPU
		{F6AEC57A-4FBC-4AC3-A6B3-AF59C6592DAD}.Debug|Any CPU.Build.0 = Debug|Any CPU
		{F6AEC57A-4FBC-4AC3-A6B3-AF59C6592DAD}.Release|Any CPU.ActiveCfg = Release|Any CPU
		{F6AEC57A-4FBC-4AC3-A6B3-AF59C6592DAD}.Release|Any CPU.Build.0 = Release|Any CPU
		{D01313E5-037F-4561-B047-A6A934D6CD22}.Debug|Any CPU.ActiveCfg = Debug|Any CPU
		{D01313E5-037F-4561-B047-A6A934D6CD22}.Debug|Any CPU.Build.0 = Debug|Any CPU
		{D01313E5-037F-4561-B047-A6A934D6CD22}.Release|Any CPU.ActiveCfg = Release|Any CPU
		{D01313E5-037F-4561-B047-A6A934D6CD22}.Release|Any CPU.Build.0 = Release|Any CPU
		{0B627849-6EF2-44D1-AC23-0D6B9236B1E6}.Debug|Any CPU.ActiveCfg = Debug|Any CPU
		{0B627849-6EF2-44D1-AC23-0D6B9236B1E6}.Debug|Any CPU.Build.0 = Debug|Any CPU
		{0B627849-6EF2-44D1-AC23-0D6B9236B1E6}.Release|Any CPU.ActiveCfg = Release|Any CPU
		{0B627849-6EF2-44D1-AC23-0D6B9236B1E6}.Release|Any CPU.Build.0 = Release|Any CPU
		{BCE76DF2-8301-4BF2-9663-8AC24AFD5ACD}.Debug|Any CPU.ActiveCfg = Debug|Any CPU
		{BCE76DF2-8301-4BF2-9663-8AC24AFD5ACD}.Debug|Any CPU.Build.0 = Debug|Any CPU
		{BCE76DF2-8301-4BF2-9663-8AC24AFD5ACD}.Release|Any CPU.ActiveCfg = Release|Any CPU
		{BCE76DF2-8301-4BF2-9663-8AC24AFD5ACD}.Release|Any CPU.Build.0 = Release|Any CPU
		{2331B0E1-6705-4F6E-B8D8-3470E215850F}.Debug|Any CPU.ActiveCfg = Debug|Any CPU
		{2331B0E1-6705-4F6E-B8D8-3470E215850F}.Debug|Any CPU.Build.0 = Debug|Any CPU
		{2331B0E1-6705-4F6E-B8D8-3470E215850F}.Release|Any CPU.ActiveCfg = Release|Any CPU
		{2331B0E1-6705-4F6E-B8D8-3470E215850F}.Release|Any CPU.Build.0 = Release|Any CPU
		{746881F4-B60C-450E-856A-BF72DA82F01B}.Debug|Any CPU.ActiveCfg = Debug|Any CPU
		{746881F4-B60C-450E-856A-BF72DA82F01B}.Debug|Any CPU.Build.0 = Debug|Any CPU
		{746881F4-B60C-450E-856A-BF72DA82F01B}.Release|Any CPU.ActiveCfg = Release|Any CPU
		{746881F4-B60C-450E-856A-BF72DA82F01B}.Release|Any CPU.Build.0 = Release|Any CPU
		{E4193474-C7E8-4A09-802E-8D691459DD6C}.Debug|Any CPU.ActiveCfg = Debug|Any CPU
		{E4193474-C7E8-4A09-802E-8D691459DD6C}.Debug|Any CPU.Build.0 = Debug|Any CPU
		{E4193474-C7E8-4A09-802E-8D691459DD6C}.Release|Any CPU.ActiveCfg = Release|Any CPU
		{E4193474-C7E8-4A09-802E-8D691459DD6C}.Release|Any CPU.Build.0 = Release|Any CPU
		{0B495538-906A-4293-A083-E192E47E2B02}.Debug|Any CPU.ActiveCfg = Debug|Any CPU
		{0B495538-906A-4293-A083-E192E47E2B02}.Debug|Any CPU.Build.0 = Debug|Any CPU
		{0B495538-906A-4293-A083-E192E47E2B02}.Release|Any CPU.ActiveCfg = Release|Any CPU
		{0B495538-906A-4293-A083-E192E47E2B02}.Release|Any CPU.Build.0 = Release|Any CPU
		{54AEF355-B977-4023-8D77-CE111D55D857}.Debug|Any CPU.ActiveCfg = Debug|Any CPU
		{54AEF355-B977-4023-8D77-CE111D55D857}.Debug|Any CPU.Build.0 = Debug|Any CPU
		{54AEF355-B977-4023-8D77-CE111D55D857}.Release|Any CPU.ActiveCfg = Release|Any CPU
		{54AEF355-B977-4023-8D77-CE111D55D857}.Release|Any CPU.Build.0 = Release|Any CPU
		{4483CB2A-E1FE-4483-93A0-EEE53F167EC0}.Debug|Any CPU.ActiveCfg = Debug|Any CPU
		{4483CB2A-E1FE-4483-93A0-EEE53F167EC0}.Debug|Any CPU.Build.0 = Debug|Any CPU
		{4483CB2A-E1FE-4483-93A0-EEE53F167EC0}.Release|Any CPU.ActiveCfg = Release|Any CPU
		{4483CB2A-E1FE-4483-93A0-EEE53F167EC0}.Release|Any CPU.Build.0 = Release|Any CPU
		{F0FA671D-1F07-4777-BDD2-40C2391CB1BF}.Debug|Any CPU.ActiveCfg = Debug|Any CPU
		{F0FA671D-1F07-4777-BDD2-40C2391CB1BF}.Debug|Any CPU.Build.0 = Debug|Any CPU
		{F0FA671D-1F07-4777-BDD2-40C2391CB1BF}.Release|Any CPU.ActiveCfg = Release|Any CPU
		{F0FA671D-1F07-4777-BDD2-40C2391CB1BF}.Release|Any CPU.Build.0 = Release|Any CPU
		{25A79DC6-EB96-44E0-9225-A779BFCB2EDC}.Debug|Any CPU.ActiveCfg = Debug|Any CPU
		{25A79DC6-EB96-44E0-9225-A779BFCB2EDC}.Debug|Any CPU.Build.0 = Debug|Any CPU
		{25A79DC6-EB96-44E0-9225-A779BFCB2EDC}.Release|Any CPU.ActiveCfg = Release|Any CPU
		{25A79DC6-EB96-44E0-9225-A779BFCB2EDC}.Release|Any CPU.Build.0 = Release|Any CPU
		{869BAA05-1805-4328-9164-85D7FE980F8E}.Debug|Any CPU.ActiveCfg = Debug|Any CPU
		{869BAA05-1805-4328-9164-85D7FE980F8E}.Debug|Any CPU.Build.0 = Debug|Any CPU
		{869BAA05-1805-4328-9164-85D7FE980F8E}.Release|Any CPU.ActiveCfg = Release|Any CPU
		{869BAA05-1805-4328-9164-85D7FE980F8E}.Release|Any CPU.Build.0 = Release|Any CPU
		{49174687-EABC-4FDB-99D5-78F5F6D33FBB}.Debug|Any CPU.ActiveCfg = Debug|Any CPU
		{49174687-EABC-4FDB-99D5-78F5F6D33FBB}.Debug|Any CPU.Build.0 = Debug|Any CPU
		{49174687-EABC-4FDB-99D5-78F5F6D33FBB}.Release|Any CPU.ActiveCfg = Release|Any CPU
		{49174687-EABC-4FDB-99D5-78F5F6D33FBB}.Release|Any CPU.Build.0 = Release|Any CPU
		{54FD08B6-4FBC-4BB3-97A4-71060DBF84FB}.Debug|Any CPU.ActiveCfg = Debug|Any CPU
		{54FD08B6-4FBC-4BB3-97A4-71060DBF84FB}.Debug|Any CPU.Build.0 = Debug|Any CPU
		{54FD08B6-4FBC-4BB3-97A4-71060DBF84FB}.Release|Any CPU.ActiveCfg = Release|Any CPU
		{54FD08B6-4FBC-4BB3-97A4-71060DBF84FB}.Release|Any CPU.Build.0 = Release|Any CPU
		{60FE388D-2C17-4B78-8B77-6507CDA02ABD}.Debug|Any CPU.ActiveCfg = Debug|Any CPU
		{60FE388D-2C17-4B78-8B77-6507CDA02ABD}.Debug|Any CPU.Build.0 = Debug|Any CPU
		{60FE388D-2C17-4B78-8B77-6507CDA02ABD}.Release|Any CPU.ActiveCfg = Release|Any CPU
		{60FE388D-2C17-4B78-8B77-6507CDA02ABD}.Release|Any CPU.Build.0 = Release|Any CPU
		{CDBB59B1-8FEF-4433-A6CD-A40CE3684C40}.Debug|Any CPU.ActiveCfg = Debug|Any CPU
		{CDBB59B1-8FEF-4433-A6CD-A40CE3684C40}.Debug|Any CPU.Build.0 = Debug|Any CPU
		{CDBB59B1-8FEF-4433-A6CD-A40CE3684C40}.Release|Any CPU.ActiveCfg = Release|Any CPU
		{CDBB59B1-8FEF-4433-A6CD-A40CE3684C40}.Release|Any CPU.Build.0 = Release|Any CPU
		{48440679-1C14-40F3-8B14-9A8F24B39A58}.Debug|Any CPU.ActiveCfg = Debug|Any CPU
		{48440679-1C14-40F3-8B14-9A8F24B39A58}.Debug|Any CPU.Build.0 = Debug|Any CPU
		{48440679-1C14-40F3-8B14-9A8F24B39A58}.Release|Any CPU.ActiveCfg = Release|Any CPU
		{48440679-1C14-40F3-8B14-9A8F24B39A58}.Release|Any CPU.Build.0 = Release|Any CPU
	EndGlobalSection
	GlobalSection(SolutionProperties) = preSolution
		HideSolutionNode = FALSE
	EndGlobalSection
	GlobalSection(ExtensibilityGlobals) = postSolution
		SolutionGuid = {4AC18D69-3CF7-42C2-AB79-B4868A1FEFDF}
	EndGlobalSection
EndGlobal
